
Microsoft Visual Studio Solution File, Format Version 12.00
# Visual Studio Version 16
VisualStudioVersion = 16.0.28922.388
MinimumVisualStudioVersion = 10.0.40219.1
Project("{8BC9CEB8-8B4A-11D0-8D11-00A0C91BC942}") = "PacMan", "PacMan\PacMan.vcxproj", "{E790FA02-70B4-455F-8174-253F45651C7F}"
EndProject
Global
	GlobalSection(SolutionConfigurationPlatforms) = preSolution
		Debug|x64 = Debug|x64
		Debug|x86 = Debug|x86
		Release|x64 = Release|x64
		Release|x86 = Release|x86
	EndGlobalSection
	GlobalSection(ProjectConfigurationPlatforms) = postSolution
		{E790FA02-70B4-455F-8174-253F45651C7F}.Debug|x64.ActiveCfg = Debug|x64
		{E790FA02-70B4-455F-8174-253F45651C7F}.Debug|x64.Build.0 = Debug|x64
		{E790FA02-70B4-455F-8174-253F45651C7F}.Debug|x86.ActiveCfg = Debug|Win32
		{E790FA02-70B4-455F-8174-253F45651C7F}.Debug|x86.Build.0 = Debug|Win32
		{E790FA02-70B4-455F-8174-253F45651C7F}.Release|x64.ActiveCfg = Release|x64
		{E790FA02-70B4-455F-8174-253F45651C7F}.Release|x64.Build.0 = Release|x64
		{E790FA02-70B4-455F-8174-253F45651C7F}.Release|x86.ActiveCfg = Release|Win32
		{E790FA02-70B4-455F-8174-253F45651C7F}.Release|x86.Build.0 = Release|Win32
	EndGlobalSection
	GlobalSection(SolutionProperties) = preSolution
		HideSolutionNode = FALSE
	EndGlobalSection
	GlobalSection(ExtensibilityGlobals) = postSolution
		SolutionGuid = {A8062C52-CCCB-464D-BC35-10CF63A0AC4F}
	EndGlobalSection
EndGlobal
