
Microsoft Visual Studio Solution File, Format Version 12.00
# Visual Studio Version 16
VisualStudioVersion = 16.0.29001.49
MinimumVisualStudioVersion = 10.0.40219.1
Project("{8BC9CEB8-8B4A-11D0-8D11-00A0C91BC942}") = "AnimaMax", "AnimaMax\AnimaMax.vcxproj", "{77CD1929-C7F7-4C3A-949B-ECD8760F7ECA}"
EndProject
Global
	GlobalSection(SolutionConfigurationPlatforms) = preSolution
		Debug|x64 = Debug|x64
		Debug|x86 = Debug|x86
		Release|x64 = Release|x64
		Release|x86 = Release|x86
	EndGlobalSection
	GlobalSection(ProjectConfigurationPlatforms) = postSolution
		{77CD1929-C7F7-4C3A-949B-ECD8760F7ECA}.Debug|x64.ActiveCfg = Debug|x64
		{77CD1929-C7F7-4C3A-949B-ECD8760F7ECA}.Debug|x64.Build.0 = Debug|x64
		{77CD1929-C7F7-4C3A-949B-ECD8760F7ECA}.Debug|x86.ActiveCfg = Debug|Win32
		{77CD1929-C7F7-4C3A-949B-ECD8760F7ECA}.Debug|x86.Build.0 = Debug|Win32
		{77CD1929-C7F7-4C3A-949B-ECD8760F7ECA}.Release|x64.ActiveCfg = Release|x64
		{77CD1929-C7F7-4C3A-949B-ECD8760F7ECA}.Release|x64.Build.0 = Release|x64
		{77CD1929-C7F7-4C3A-949B-ECD8760F7ECA}.Release|x86.ActiveCfg = Release|Win32
		{77CD1929-C7F7-4C3A-949B-ECD8760F7ECA}.Release|x86.Build.0 = Release|Win32
	EndGlobalSection
	GlobalSection(SolutionProperties) = preSolution
		HideSolutionNode = FALSE
	EndGlobalSection
	GlobalSection(ExtensibilityGlobals) = postSolution
		SolutionGuid = {0AD81687-ABF6-4702-B58A-9815428534E5}
	EndGlobalSection
EndGlobal
