
Microsoft Visual Studio Solution File, Format Version 12.00
# Visual Studio Version 16
VisualStudioVersion = 16.0.29209.62
MinimumVisualStudioVersion = 10.0.40219.1
Project("{8BC9CEB8-8B4A-11D0-8D11-00A0C91BC942}") = "TiledScroll", "TiledScroll\TiledScroll.vcxproj", "{26DD3155-3528-4FF6-B5A6-16220E5DA8E5}"
EndProject
Global
	GlobalSection(SolutionConfigurationPlatforms) = preSolution
		Debug|x64 = Debug|x64
		Debug|x86 = Debug|x86
		Release|x64 = Release|x64
		Release|x86 = Release|x86
	EndGlobalSection
	GlobalSection(ProjectConfigurationPlatforms) = postSolution
		{26DD3155-3528-4FF6-B5A6-16220E5DA8E5}.Debug|x64.ActiveCfg = Debug|x64
		{26DD3155-3528-4FF6-B5A6-16220E5DA8E5}.Debug|x64.Build.0 = Debug|x64
		{26DD3155-3528-4FF6-B5A6-16220E5DA8E5}.Debug|x86.ActiveCfg = Debug|Win32
		{26DD3155-3528-4FF6-B5A6-16220E5DA8E5}.Debug|x86.Build.0 = Debug|Win32
		{26DD3155-3528-4FF6-B5A6-16220E5DA8E5}.Release|x64.ActiveCfg = Release|x64
		{26DD3155-3528-4FF6-B5A6-16220E5DA8E5}.Release|x64.Build.0 = Release|x64
		{26DD3155-3528-4FF6-B5A6-16220E5DA8E5}.Release|x86.ActiveCfg = Release|Win32
		{26DD3155-3528-4FF6-B5A6-16220E5DA8E5}.Release|x86.Build.0 = Release|Win32
	EndGlobalSection
	GlobalSection(SolutionProperties) = preSolution
		HideSolutionNode = FALSE
	EndGlobalSection
	GlobalSection(ExtensibilityGlobals) = postSolution
		SolutionGuid = {54280423-F98F-4266-BCAE-70079A5E819C}
	EndGlobalSection
EndGlobal
