
Microsoft Visual Studio Solution File, Format Version 12.00
# Visual Studio Version 16
VisualStudioVersion = 16.0.28803.352
MinimumVisualStudioVersion = 10.0.40219.1
Project("{8BC9CEB8-8B4A-11D0-8D11-00A0C91BC942}") = "FPSCounter", "FPSCounter\FPSCounter.vcxproj", "{CD11B47E-FCED-478B-8A27-A5CD13C676BB}"
EndProject
Global
	GlobalSection(SolutionConfigurationPlatforms) = preSolution
		Debug|x64 = Debug|x64
		Debug|x86 = Debug|x86
		Release|x64 = Release|x64
		Release|x86 = Release|x86
	EndGlobalSection
	GlobalSection(ProjectConfigurationPlatforms) = postSolution
		{CD11B47E-FCED-478B-8A27-A5CD13C676BB}.Debug|x64.ActiveCfg = Debug|x64
		{CD11B47E-FCED-478B-8A27-A5CD13C676BB}.Debug|x64.Build.0 = Debug|x64
		{CD11B47E-FCED-478B-8A27-A5CD13C676BB}.Debug|x86.ActiveCfg = Debug|Win32
		{CD11B47E-FCED-478B-8A27-A5CD13C676BB}.Debug|x86.Build.0 = Debug|Win32
		{CD11B47E-FCED-478B-8A27-A5CD13C676BB}.Release|x64.ActiveCfg = Release|x64
		{CD11B47E-FCED-478B-8A27-A5CD13C676BB}.Release|x64.Build.0 = Release|x64
		{CD11B47E-FCED-478B-8A27-A5CD13C676BB}.Release|x86.ActiveCfg = Release|Win32
		{CD11B47E-FCED-478B-8A27-A5CD13C676BB}.Release|x86.Build.0 = Release|Win32
	EndGlobalSection
	GlobalSection(SolutionProperties) = preSolution
		HideSolutionNode = FALSE
	EndGlobalSection
	GlobalSection(ExtensibilityGlobals) = postSolution
		SolutionGuid = {32ED4D3B-F58C-4CF7-85ED-A3E38CB89CB2}
	EndGlobalSection
EndGlobal
