<?xml version="1.0" encoding="utf-8"?>
<Project ToolsVersion="4.0" xmlns="http://schemas.microsoft.com/developer/msbuild/2003">
  <ItemGroup>
    <Filter Include="Engine">
      <UniqueIdentifier>{af82846b-be84-4df9-a3ec-2aa7b6e05b5c}</UniqueIdentifier>
    </Filter>
    <Filter Include="Game">
      <UniqueIdentifier>{60691440-6d67-4cd6-bda6-993f87851d06}</UniqueIdentifier>
    </Filter>
    <Filter Include="Game\Arquivos de Recurso">
      <UniqueIdentifier>{67DA6AB6-F800-4c08-8B7A-83BB121AAD01}</UniqueIdentifier>
      <Extensions>rc;ico;cur;bmp;dlg;rc2;rct;bin;rgs;gif;jpg;jpeg;jpe;resx;tiff;tif;png;wav;mfcribbon-ms</Extensions>
    </Filter>
    <Filter Include="Game\Arquivos de Origem">
      <UniqueIdentifier>{4FC737F1-C7A5-4376-A066-2A32D752A2FF}</UniqueIdentifier>
      <Extensions>cpp;c;cc;cxx;def;odl;idl;hpj;bat;asm;asmx</Extensions>
    </Filter>
    <Filter Include="Game\Arquivos de Cabeçalho">
      <UniqueIdentifier>{93995380-89BD-4b04-88EB-625FBE52EBFB}</UniqueIdentifier>
      <Extensions>h;hh;hpp;hxx;hm;inl;inc;ipp;xsd</Extensions>
    </Filter>
    <Filter Include="Engine\Arquivos de Cabeçalho">
      <UniqueIdentifier>{8b3cfb3d-ee04-4c9b-859a-858109e16045}</UniqueIdentifier>
    </Filter>
    <Filter Include="Engine\Arquivos de Origem">
      <UniqueIdentifier>{7b685918-c562-4fcb-95fe-ecd45082bfe6}</UniqueIdentifier>
    </Filter>
    <Filter Include="Engine\Arquivos de Sombreamento">
      <UniqueIdentifier>{f11a50f4-4dcc-4bc8-93b6-c29a7ff2d88c}</UniqueIdentifier>
    </Filter>
  </ItemGroup>
  <ItemGroup>
    <ClCompile Include="Animation.cpp">
      <Filter>Engine\Arquivos de Origem</Filter>
    </ClCompile>
    <ClCompile Include="Engine.cpp">
      <Filter>Engine\Arquivos de Origem</Filter>
    </ClCompile>
    <ClCompile Include="Font.cpp">
      <Filter>Engine\Arquivos de Origem</Filter>
    </ClCompile>
    <ClCompile Include="Game.cpp">
      <Filter>Engine\Arquivos de Origem</Filter>
    </ClCompile>
    <ClCompile Include="Geometry.cpp">
      <Filter>Engine\Arquivos de Origem</Filter>
    </ClCompile>
    <ClCompile Include="Graphics.cpp">
      <Filter>Engine\Arquivos de Origem</Filter>
    </ClCompile>
    <ClCompile Include="Image.cpp">
      <Filter>Engine\Arquivos de Origem</Filter>
    </ClCompile>
    <ClCompile Include="Object.cpp">
      <Filter>Engine\Arquivos de Origem</Filter>
    </ClCompile>
    <ClCompile Include="Renderer.cpp">
      <Filter>Engine\Arquivos de Origem</Filter>
    </ClCompile>
    <ClCompile Include="Scene.cpp">
      <Filter>Engine\Arquivos de Origem</Filter>
    </ClCompile>
    <ClCompile Include="Sprite.cpp">
      <Filter>Engine\Arquivos de Origem</Filter>
    </ClCompile>
    <ClCompile Include="Texture.cpp">
      <Filter>Engine\Arquivos de Origem</Filter>
    </ClCompile>
    <ClCompile Include="TileSet.cpp">
      <Filter>Engine\Arquivos de Origem</Filter>
    </ClCompile>
    <ClCompile Include="Timer.cpp">
      <Filter>Engine\Arquivos de Origem</Filter>
    </ClCompile>
    <ClCompile Include="Window.cpp">
      <Filter>Engine\Arquivos de Origem</Filter>
    </ClCompile>
    <ClCompile Include="SoundDemo.cpp">
      <Filter>Game\Arquivos de Origem</Filter>
    </ClCompile>
    <ClCompile Include="Audio.cpp">
      <Filter>Engine\Arquivos de Origem</Filter>
    </ClCompile>
    <ClCompile Include="Sound.cpp">
      <Filter>Engine\Arquivos de Origem</Filter>
    </ClCompile>
  </ItemGroup>
  <ItemGroup>
    <ClInclude Include="Animation.h">
      <Filter>Engine\Arquivos de Cabeçalho</Filter>
    </ClInclude>
    <ClInclude Include="Engine.h">
      <Filter>Engine\Arquivos de Cabeçalho</Filter>
    </ClInclude>
    <ClInclude Include="Font.h">
      <Filter>Engine\Arquivos de Cabeçalho</Filter>
    </ClInclude>
    <ClInclude Include="Game.h">
      <Filter>Engine\Arquivos de Cabeçalho</Filter>
    </ClInclude>
    <ClInclude Include="Geometry.h">
      <Filter>Engine\Arquivos de Cabeçalho</Filter>
    </ClInclude>
    <ClInclude Include="Graphics.h">
      <Filter>Engine\Arquivos de Cabeçalho</Filter>
    </ClInclude>
    <ClInclude Include="Image.h">
      <Filter>Engine\Arquivos de Cabeçalho</Filter>
    </ClInclude>
    <ClInclude Include="Object.h">
      <Filter>Engine\Arquivos de Cabeçalho</Filter>
    </ClInclude>
    <ClInclude Include="Renderer.h">
      <Filter>Engine\Arquivos de Cabeçalho</Filter>
    </ClInclude>
    <ClInclude Include="Scene.h">
      <Filter>Engine\Arquivos de Cabeçalho</Filter>
    </ClInclude>
    <ClInclude Include="Sprite.h">
      <Filter>Engine\Arquivos de Cabeçalho</Filter>
    </ClInclude>
    <ClInclude Include="Window.h">
      <Filter>Engine\Arquivos de Cabeçalho</Filter>
    </ClInclude>
    <ClInclude Include="Types.h">
      <Filter>Engine\Arquivos de Cabeçalho</Filter>
    </ClInclude>
    <ClInclude Include="Timer.h">
      <Filter>Engine\Arquivos de Cabeçalho</Filter>
    </ClInclude>
    <ClInclude Include="TileSet.h">
      <Filter>Engine\Arquivos de Cabeçalho</Filter>
    </ClInclude>
    <ClInclude Include="Texture.h">
      <Filter>Engine\Arquivos de Cabeçalho</Filter>
    </ClInclude>
    <ClInclude Include="Resources.h">
      <Filter>Game\Arquivos de Cabeçalho</Filter>
    </ClInclude>
    <ClInclude Include="Audio.h">
      <Filter>Engine\Arquivos de Cabeçalho</Filter>
    </ClInclude>
    <ClInclude Include="Sound.h">
      <Filter>Engine\Arquivos de Cabeçalho</Filter>
    </ClInclude>
  </ItemGroup>
  <ItemGroup>
    <FxCompile Include="Pixel.hlsl">
      <Filter>Engine\Arquivos de Sombreamento</Filter>
    </FxCompile>
    <FxCompile Include="Vertex.hlsl">
      <Filter>Engine\Arquivos de Sombreamento</Filter>
    </FxCompile>
  </ItemGroup>
  <ItemGroup>
    <ResourceCompile Include="Resources.rc">
      <Filter>Game\Arquivos de Recurso</Filter>
    </ResourceCompile>
  </ItemGroup>
</Project>