
Microsoft Visual Studio Solution File, Format Version 12.00
# Visual Studio Version 16
VisualStudioVersion = 16.0.29201.188
MinimumVisualStudioVersion = 10.0.40219.1
Project("{8BC9CEB8-8B4A-11D0-8D11-00A0C91BC942}") = "BasicAI", "BasicAI\BasicAI.vcxproj", "{F33D0575-BD2C-42BC-A2E2-25AD56CAE89A}"
EndProject
Global
	GlobalSection(SolutionConfigurationPlatforms) = preSolution
		Debug|x64 = Debug|x64
		Debug|x86 = Debug|x86
		Release|x64 = Release|x64
		Release|x86 = Release|x86
	EndGlobalSection
	GlobalSection(ProjectConfigurationPlatforms) = postSolution
		{F33D0575-BD2C-42BC-A2E2-25AD56CAE89A}.Debug|x64.ActiveCfg = Debug|x64
		{F33D0575-BD2C-42BC-A2E2-25AD56CAE89A}.Debug|x64.Build.0 = Debug|x64
		{F33D0575-BD2C-42BC-A2E2-25AD56CAE89A}.Debug|x86.ActiveCfg = Debug|Win32
		{F33D0575-BD2C-42BC-A2E2-25AD56CAE89A}.Debug|x86.Build.0 = Debug|Win32
		{F33D0575-BD2C-42BC-A2E2-25AD56CAE89A}.Release|x64.ActiveCfg = Release|x64
		{F33D0575-BD2C-42BC-A2E2-25AD56CAE89A}.Release|x64.Build.0 = Release|x64
		{F33D0575-BD2C-42BC-A2E2-25AD56CAE89A}.Release|x86.ActiveCfg = Release|Win32
		{F33D0575-BD2C-42BC-A2E2-25AD56CAE89A}.Release|x86.Build.0 = Release|Win32
	EndGlobalSection
	GlobalSection(SolutionProperties) = preSolution
		HideSolutionNode = FALSE
	EndGlobalSection
	GlobalSection(ExtensibilityGlobals) = postSolution
		SolutionGuid = {3FCD2A74-0C79-4282-8156-7F75E86AD2FC}
	EndGlobalSection
EndGlobal
