
Microsoft Visual Studio Solution File, Format Version 12.00
# Visual Studio Version 16
VisualStudioVersion = 16.0.29102.190
MinimumVisualStudioVersion = 10.0.40219.1
Project("{8BC9CEB8-8B4A-11D0-8D11-00A0C91BC942}") = "Projectile", "Projectile\Projectile.vcxproj", "{EBF39822-4D52-482A-B4A9-3DACB3228675}"
EndProject
Global
	GlobalSection(SolutionConfigurationPlatforms) = preSolution
		Debug|x64 = Debug|x64
		Debug|x86 = Debug|x86
		Release|x64 = Release|x64
		Release|x86 = Release|x86
	EndGlobalSection
	GlobalSection(ProjectConfigurationPlatforms) = postSolution
		{EBF39822-4D52-482A-B4A9-3DACB3228675}.Debug|x64.ActiveCfg = Debug|x64
		{EBF39822-4D52-482A-B4A9-3DACB3228675}.Debug|x64.Build.0 = Debug|x64
		{EBF39822-4D52-482A-B4A9-3DACB3228675}.Debug|x86.ActiveCfg = Debug|Win32
		{EBF39822-4D52-482A-B4A9-3DACB3228675}.Debug|x86.Build.0 = Debug|Win32
		{EBF39822-4D52-482A-B4A9-3DACB3228675}.Release|x64.ActiveCfg = Release|x64
		{EBF39822-4D52-482A-B4A9-3DACB3228675}.Release|x64.Build.0 = Release|x64
		{EBF39822-4D52-482A-B4A9-3DACB3228675}.Release|x86.ActiveCfg = Release|Win32
		{EBF39822-4D52-482A-B4A9-3DACB3228675}.Release|x86.Build.0 = Release|Win32
	EndGlobalSection
	GlobalSection(SolutionProperties) = preSolution
		HideSolutionNode = FALSE
	EndGlobalSection
	GlobalSection(ExtensibilityGlobals) = postSolution
		SolutionGuid = {4C2B421B-1A24-4072-9694-6A4910F74E52}
	EndGlobalSection
EndGlobal
