
Microsoft Visual Studio Solution File, Format Version 12.00
# Visual Studio Version 16
VisualStudioVersion = 16.0.28803.202
MinimumVisualStudioVersion = 10.0.40219.1
Project("{8BC9CEB8-8B4A-11D0-8D11-00A0C91BC942}") = "ProgWindows", "ProgWindows\ProgWindows.vcxproj", "{9B7E1D54-3F03-4E68-B69B-E89814FCD41E}"
EndProject
Global
	GlobalSection(SolutionConfigurationPlatforms) = preSolution
		Debug|x64 = Debug|x64
		Debug|x86 = Debug|x86
		Release|x64 = Release|x64
		Release|x86 = Release|x86
	EndGlobalSection
	GlobalSection(ProjectConfigurationPlatforms) = postSolution
		{9B7E1D54-3F03-4E68-B69B-E89814FCD41E}.Debug|x64.ActiveCfg = Debug|x64
		{9B7E1D54-3F03-4E68-B69B-E89814FCD41E}.Debug|x64.Build.0 = Debug|x64
		{9B7E1D54-3F03-4E68-B69B-E89814FCD41E}.Debug|x86.ActiveCfg = Debug|Win32
		{9B7E1D54-3F03-4E68-B69B-E89814FCD41E}.Debug|x86.Build.0 = Debug|Win32
		{9B7E1D54-3F03-4E68-B69B-E89814FCD41E}.Release|x64.ActiveCfg = Release|x64
		{9B7E1D54-3F03-4E68-B69B-E89814FCD41E}.Release|x64.Build.0 = Release|x64
		{9B7E1D54-3F03-4E68-B69B-E89814FCD41E}.Release|x86.ActiveCfg = Release|Win32
		{9B7E1D54-3F03-4E68-B69B-E89814FCD41E}.Release|x86.Build.0 = Release|Win32
	EndGlobalSection
	GlobalSection(SolutionProperties) = preSolution
		HideSolutionNode = FALSE
	EndGlobalSection
	GlobalSection(ExtensibilityGlobals) = postSolution
		SolutionGuid = {56761ED7-CF96-42CB-A5C5-C7562AE51E51}
	EndGlobalSection
EndGlobal
